// !$*UTF8*$!
{
	archiveVersion = 1;
	classes = {
	};
	objectVersion = 46;
	objects = {

/* Begin PBXBuildFile section */
		075411BF1922AB0500A1823F /* Foundation.framework in Frameworks */ = {isa = PBXBuildFile; fileRef = 075411BE1922AB0500A1823F /* Foundation.framework */; };
		075411C11922AB0500A1823F /* CoreGraphics.framework in Frameworks */ = {isa = PBXBuildFile; fileRef = 075411C01922AB0500A1823F /* CoreGraphics.framework */; };
		075411C31922AB0500A1823F /* UIKit.framework in Frameworks */ = {isa = PBXBuildFile; fileRef = 075411C21922AB0500A1823F /* UIKit.framework */; };
		075411C91922AB0500A1823F /* InfoPlist.strings in Resources */ = {isa = PBXBuildFile; fileRef = 075411C71922AB0500A1823F /* InfoPlist.strings */; };
		075411CB1922AB0500A1823F /* main.m in Sources */ = {isa = PBXBuildFile; fileRef = 075411CA1922AB0500A1823F /* main.m */; };
		075411CF1922AB0500A1823F /* AppDelegate.m in Sources */ = {isa = PBXBuildFile; fileRef = 075411CE1922AB0500A1823F /* AppDelegate.m */; };
		075411D21922AB0500A1823F /* Main.storyboard in Resources */ = {isa = PBXBuildFile; fileRef = 075411D01922AB0500A1823F /* Main.storyboard */; };
		075411D51922AB0500A1823F /* ViewController.m in Sources */ = {isa = PBXBuildFile; fileRef = 075411D41922AB0500A1823F /* ViewController.m */; };
		075411D71922AB0500A1823F /* Images.xcassets in Resources */ = {isa = PBXBuildFile; fileRef = 075411D61922AB0500A1823F /* Images.xcassets */; };
		075411DE1922AB0500A1823F /* XCTest.framework in Frameworks */ = {isa = PBXBuildFile; fileRef = 075411DD1922AB0500A1823F /* XCTest.framework */; };
		075411DF1922AB0500A1823F /* Foundation.framework in Frameworks */ = {isa = PBXBuildFile; fileRef = 075411BE1922AB0500A1823F /* Foundation.framework */; };
		075411E01922AB0500A1823F /* UIKit.framework in Frameworks */ = {isa = PBXBuildFile; fileRef = 075411C21922AB0500A1823F /* UIKit.framework */; };
		075411E81922AB0500A1823F /* InfoPlist.strings in Resources */ = {isa = PBXBuildFile; fileRef = 075411E61922AB0500A1823F /* InfoPlist.strings */; };
		075411EA1922AB0500A1823F /* AdventureTests.m in Sources */ = {isa = PBXBuildFile; fileRef = 075411E91922AB0500A1823F /* AdventureTests.m */; };
		075411F61922B1B800A1823F /* CheckMate.framework in Frameworks */ = {isa = PBXBuildFile; fileRef = 075411F51922B1B800A1823F /* CheckMate.framework */; };
		075411F91922C37900A1823F /* RyanViewController.m in Sources */ = {isa = PBXBuildFile; fileRef = 075411F81922C37900A1823F /* RyanViewController.m */; };
		075411FC1922D2D400A1823F /* SecondViewController.m in Sources */ = {isa = PBXBuildFile; fileRef = 075411FB1922D2D400A1823F /* SecondViewController.m */; };
		075411FF1922D34B00A1823F /* ThirdViewController.m in Sources */ = {isa = PBXBuildFile; fileRef = 075411FE1922D34B00A1823F /* ThirdViewController.m */; };
		075E1E861923B95E00617FFD /* SecondViewController2.m in Sources */ = {isa = PBXBuildFile; fileRef = 075E1E851923B95E00617FFD /* SecondViewController2.m */; };
		075E1E891923BA3B00617FFD /* ThirdViewController2.m in Sources */ = {isa = PBXBuildFile; fileRef = 075E1E881923BA3B00617FFD /* ThirdViewController2.m */; };
/* End PBXBuildFile section */

/* Begin PBXContainerItemProxy section */
		075411E11922AB0500A1823F /* PBXContainerItemProxy */ = {
			isa = PBXContainerItemProxy;
			containerPortal = 075411B31922AB0500A1823F /* Project object */;
			proxyType = 1;
			remoteGlobalIDString = 075411BA1922AB0500A1823F;
			remoteInfo = Adventure;
		};
/* End PBXContainerItemProxy section */

/* Begin PBXFileReference section */
		075411BB1922AB0500A1823F /* Adventure.app */ = {isa = PBXFileReference; explicitFileType = wrapper.application; includeInIndex = 0; path = Adventure.app; sourceTree = BUILT_PRODUCTS_DIR; };
		075411BE1922AB0500A1823F /* Foundation.framework */ = {isa = PBXFileReference; lastKnownFileType = wrapper.framework; name = Foundation.framework; path = System/Library/Frameworks/Foundation.framework; sourceTree = SDKROOT; };
		075411C01922AB0500A1823F /* CoreGraphics.framework */ = {isa = PBXFileReference; lastKnownFileType = wrapper.framework; name = CoreGraphics.framework; path = System/Library/Frameworks/CoreGraphics.framework; sourceTree = SDKROOT; };
		075411C21922AB0500A1823F /* UIKit.framework */ = {isa = PBXFileReference; lastKnownFileType = wrapper.framework; name = UIKit.framework; path = System/Library/Frameworks/UIKit.framework; sourceTree = SDKROOT; };
		075411C61922AB0500A1823F /* Adventure-Info.plist */ = {isa = PBXFileReference; lastKnownFileType = text.plist.xml; path = "Adventure-Info.plist"; sourceTree = "<group>"; };
		075411C81922AB0500A1823F /* en */ = {isa = PBXFileReference; lastKnownFileType = text.plist.strings; name = en; path = en.lproj/InfoPlist.strings; sourceTree = "<group>"; };
		075411CA1922AB0500A1823F /* main.m */ = {isa = PBXFileReference; lastKnownFileType = sourcecode.c.objc; path = main.m; sourceTree = "<group>"; };
		075411CC1922AB0500A1823F /* Adventure-Prefix.pch */ = {isa = PBXFileReference; lastKnownFileType = sourcecode.c.h; path = "Adventure-Prefix.pch"; sourceTree = "<group>"; };
		075411CD1922AB0500A1823F /* AppDelegate.h */ = {isa = PBXFileReference; lastKnownFileType = sourcecode.c.h; path = AppDelegate.h; sourceTree = "<group>"; };
		075411CE1922AB0500A1823F /* AppDelegate.m */ = {isa = PBXFileReference; lastKnownFileType = sourcecode.c.objc; path = AppDelegate.m; sourceTree = "<group>"; };
		075411D11922AB0500A1823F /* Base */ = {isa = PBXFileReference; lastKnownFileType = file.storyboard; name = Base; path = Base.lproj/Main.storyboard; sourceTree = "<group>"; };
		075411D31922AB0500A1823F /* ViewController.h */ = {isa = PBXFileReference; lastKnownFileType = sourcecode.c.h; path = ViewController.h; sourceTree = "<group>"; };
		075411D41922AB0500A1823F /* ViewController.m */ = {isa = PBXFileReference; lastKnownFileType = sourcecode.c.objc; path = ViewController.m; sourceTree = "<group>"; };
		075411D61922AB0500A1823F /* Images.xcassets */ = {isa = PBXFileReference; lastKnownFileType = folder.assetcatalog; path = Images.xcassets; sourceTree = "<group>"; };
		075411DC1922AB0500A1823F /* AdventureTests.xctest */ = {isa = PBXFileReference; explicitFileType = wrapper.cfbundle; includeInIndex = 0; path = AdventureTests.xctest; sourceTree = BUILT_PRODUCTS_DIR; };
		075411DD1922AB0500A1823F /* XCTest.framework */ = {isa = PBXFileReference; lastKnownFileType = wrapper.framework; name = XCTest.framework; path = Library/Frameworks/XCTest.framework; sourceTree = DEVELOPER_DIR; };
		075411E51922AB0500A1823F /* AdventureTests-Info.plist */ = {isa = PBXFileReference; lastKnownFileType = text.plist.xml; path = "AdventureTests-Info.plist"; sourceTree = "<group>"; };
		075411E71922AB0500A1823F /* en */ = {isa = PBXFileReference; lastKnownFileType = text.plist.strings; name = en; path = en.lproj/InfoPlist.strings; sourceTree = "<group>"; };
		075411E91922AB0500A1823F /* AdventureTests.m */ = {isa = PBXFileReference; lastKnownFileType = sourcecode.c.objc; path = AdventureTests.m; sourceTree = "<group>"; };
		075411F51922B1B800A1823F /* CheckMate.framework */ = {isa = PBXFileReference; lastKnownFileType = wrapper.framework; name = CheckMate.framework; path = ../../../Downloads/CheckMate.framework; sourceTree = "<group>"; };
		075411F71922C37900A1823F /* RyanViewController.h */ = {isa = PBXFileReference; fileEncoding = 4; lastKnownFileType = sourcecode.c.h; path = RyanViewController.h; sourceTree = "<group>"; };
		075411F81922C37900A1823F /* RyanViewController.m */ = {isa = PBXFileReference; fileEncoding = 4; lastKnownFileType = sourcecode.c.objc; path = RyanViewController.m; sourceTree = "<group>"; };
		075411FA1922D2D400A1823F /* SecondViewController.h */ = {isa = PBXFileReference; fileEncoding = 4; lastKnownFileType = sourcecode.c.h; path = SecondViewController.h; sourceTree = "<group>"; };
		075411FB1922D2D400A1823F /* SecondViewController.m */ = {isa = PBXFileReference; fileEncoding = 4; lastKnownFileType = sourcecode.c.objc; path = SecondViewController.m; sourceTree = "<group>"; };
		075411FD1922D34B00A1823F /* ThirdViewController.h */ = {isa = PBXFileReference; fileEncoding = 4; lastKnownFileType = sourcecode.c.h; path = ThirdViewController.h; sourceTree = "<group>"; };
		075411FE1922D34B00A1823F /* ThirdViewController.m */ = {isa = PBXFileReference; fileEncoding = 4; lastKnownFileType = sourcecode.c.objc; path = ThirdViewController.m; sourceTree = "<group>"; };
		075E1E841923B95E00617FFD /* SecondViewController2.h */ = {isa = PBXFileReference; fileEncoding = 4; lastKnownFileType = sourcecode.c.h; path = SecondViewController2.h; sourceTree = "<group>"; };
		075E1E851923B95E00617FFD /* SecondViewController2.m */ = {isa = PBXFileReference; fileEncoding = 4; lastKnownFileType = sourcecode.c.objc; path = SecondViewController2.m; sourceTree = "<group>"; };
		075E1E871923BA3B00617FFD /* ThirdViewController2.h */ = {isa = PBXFileReference; fileEncoding = 4; lastKnownFileType = sourcecode.c.h; path = ThirdViewController2.h; sourceTree = "<group>"; };
		075E1E881923BA3B00617FFD /* ThirdViewController2.m */ = {isa = PBXFileReference; fileEncoding = 4; lastKnownFileType = sourcecode.c.objc; path = ThirdViewController2.m; sourceTree = "<group>"; };
/* End PBXFileReference section */

/* Begin PBXFrameworksBuildPhase section */
		075411B81922AB0500A1823F /* Frameworks */ = {
			isa = PBXFrameworksBuildPhase;
			buildActionMask = 2147483647;
			files = (
				075411F61922B1B800A1823F /* CheckMate.framework in Frameworks */,
				075411C11922AB0500A1823F /* CoreGraphics.framework in Frameworks */,
				075411C31922AB0500A1823F /* UIKit.framework in Frameworks */,
				075411BF1922AB0500A1823F /* Foundation.framework in Frameworks */,
			);
			runOnlyForDeploymentPostprocessing = 0;
		};
		075411D91922AB0500A1823F /* Frameworks */ = {
			isa = PBXFrameworksBuildPhase;
			buildActionMask = 2147483647;
			files = (
				075411DE1922AB0500A1823F /* XCTest.framework in Frameworks */,
				075411E01922AB0500A1823F /* UIKit.framework in Frameworks */,
				075411DF1922AB0500A1823F /* Foundation.framework in Frameworks */,
			);
			runOnlyForDeploymentPostprocessing = 0;
		};
/* End PBXFrameworksBuildPhase section */

/* Begin PBXGroup section */
		075411B21922AB0500A1823F = {
			isa = PBXGroup;
			children = (
				075411C41922AB0500A1823F /* Adventure */,
				075411E31922AB0500A1823F /* AdventureTests */,
				075411BD1922AB0500A1823F /* Frameworks */,
				075411BC1922AB0500A1823F /* Products */,
			);
			sourceTree = "<group>";
		};
		075411BC1922AB0500A1823F /* Products */ = {
			isa = PBXGroup;
			children = (
				075411BB1922AB0500A1823F /* Adventure.app */,
				075411DC1922AB0500A1823F /* AdventureTests.xctest */,
			);
			name = Products;
			sourceTree = "<group>";
		};
		075411BD1922AB0500A1823F /* Frameworks */ = {
			isa = PBXGroup;
			children = (
				075411F51922B1B800A1823F /* CheckMate.framework */,
				075411BE1922AB0500A1823F /* Foundation.framework */,
				075411C01922AB0500A1823F /* CoreGraphics.framework */,
				075411C21922AB0500A1823F /* UIKit.framework */,
				075411DD1922AB0500A1823F /* XCTest.framework */,
			);
			name = Frameworks;
			sourceTree = "<group>";
		};
		075411C41922AB0500A1823F /* Adventure */ = {
			isa = PBXGroup;
			children = (
				075411CD1922AB0500A1823F /* AppDelegate.h */,
				075411CE1922AB0500A1823F /* AppDelegate.m */,
				075411D01922AB0500A1823F /* Main.storyboard */,
				075411D31922AB0500A1823F /* ViewController.h */,
				075411D41922AB0500A1823F /* ViewController.m */,
				075411D61922AB0500A1823F /* Images.xcassets */,
				075411C51922AB0500A1823F /* Supporting Files */,
				075411F71922C37900A1823F /* RyanViewController.h */,
				075411F81922C37900A1823F /* RyanViewController.m */,
				075411FA1922D2D400A1823F /* SecondViewController.h */,
				075411FB1922D2D400A1823F /* SecondViewController.m */,
				075411FD1922D34B00A1823F /* ThirdViewController.h */,
				075411FE1922D34B00A1823F /* ThirdViewController.m */,
				075E1E841923B95E00617FFD /* SecondViewController2.h */,
				075E1E851923B95E00617FFD /* SecondViewController2.m */,
				075E1E871923BA3B00617FFD /* ThirdViewController2.h */,
				075E1E881923BA3B00617FFD /* ThirdViewController2.m */,
			);
			path = Adventure;
			sourceTree = "<group>";
		};
		075411C51922AB0500A1823F /* Supporting Files */ = {
			isa = PBXGroup;
			children = (
				075411C61922AB0500A1823F /* Adventure-Info.plist */,
				075411C71922AB0500A1823F /* InfoPlist.strings */,
				075411CA1922AB0500A1823F /* main.m */,
				075411CC1922AB0500A1823F /* Adventure-Prefix.pch */,
			);
			name = "Supporting Files";
			sourceTree = "<group>";
		};
		075411E31922AB0500A1823F /* AdventureTests */ = {
			isa = PBXGroup;
			children = (
				075411E91922AB0500A1823F /* AdventureTests.m */,
				075411E41922AB0500A1823F /* Supporting Files */,
			);
			path = AdventureTests;
			sourceTree = "<group>";
		};
		075411E41922AB0500A1823F /* Supporting Files */ = {
			isa = PBXGroup;
			children = (
				075411E51922AB0500A1823F /* AdventureTests-Info.plist */,
				075411E61922AB0500A1823F /* InfoPlist.strings */,
			);
			name = "Supporting Files";
			sourceTree = "<group>";
		};
/* End PBXGroup section */

/* Begin PBXNativeTarget section */
		075411BA1922AB0500A1823F /* Adventure */ = {
			isa = PBXNativeTarget;
			buildConfigurationList = 075411ED1922AB0500A1823F /* Build configuration list for PBXNativeTarget "Adventure" */;
			buildPhases = (
				075411B71922AB0500A1823F /* Sources */,
				075411B81922AB0500A1823F /* Frameworks */,
				075411B91922AB0500A1823F /* Resources */,
			);
			buildRules = (
			);
			dependencies = (
			);
			name = Adventure;
			productName = Adventure;
			productReference = 075411BB1922AB0500A1823F /* Adventure.app */;
			productType = "com.apple.product-type.application";
		};
		075411DB1922AB0500A1823F /* AdventureTests */ = {
			isa = PBXNativeTarget;
			buildConfigurationList = 075411F01922AB0500A1823F /* Build configuration list for PBXNativeTarget "AdventureTests" */;
			buildPhases = (
				075411D81922AB0500A1823F /* Sources */,
				075411D91922AB0500A1823F /* Frameworks */,
				075411DA1922AB0500A1823F /* Resources */,
			);
			buildRules = (
			);
			dependencies = (
				075411E21922AB0500A1823F /* PBXTargetDependency */,
			);
			name = AdventureTests;
			productName = AdventureTests;
			productReference = 075411DC1922AB0500A1823F /* AdventureTests.xctest */;
			productType = "com.apple.product-type.bundle.unit-test";
		};
/* End PBXNativeTarget section */

/* Begin PBXProject section */
		075411B31922AB0500A1823F /* Project object */ = {
			isa = PBXProject;
			attributes = {
				LastUpgradeCheck = 0510;
				ORGANIZATIONNAME = aknapp;
				TargetAttributes = {
					075411DB1922AB0500A1823F = {
						TestTargetID = 075411BA1922AB0500A1823F;
					};
				};
			};
			buildConfigurationList = 075411B61922AB0500A1823F /* Build configuration list for PBXProject "Adventure" */;
			compatibilityVersion = "Xcode 3.2";
			developmentRegion = English;
			hasScannedForEncodings = 0;
			knownRegions = (
				en,
				Base,
			);
			mainGroup = 075411B21922AB0500A1823F;
			productRefGroup = 075411BC1922AB0500A1823F /* Products */;
			projectDirPath = "";
			projectRoot = "";
			targets = (
				075411BA1922AB0500A1823F /* Adventure */,
				075411DB1922AB0500A1823F /* AdventureTests */,
			);
		};
/* End PBXProject section */

/* Begin PBXResourcesBuildPhase section */
		075411B91922AB0500A1823F /* Resources */ = {
			isa = PBXResourcesBuildPhase;
			buildActionMask = 2147483647;
			files = (
				075411D71922AB0500A1823F /* Images.xcassets in Resources */,
				075411C91922AB0500A1823F /* InfoPlist.strings in Resources */,
				075411D21922AB0500A1823F /* Main.storyboard in Resources */,
			);
			runOnlyForDeploymentPostprocessing = 0;
		};
		075411DA1922AB0500A1823F /* Resources */ = {
			isa = PBXResourcesBuildPhase;
			buildActionMask = 2147483647;
			files = (
				075411E81922AB0500A1823F /* InfoPlist.strings in Resources */,
			);
			runOnlyForDeploymentPostprocessing = 0;
		};
/* End PBXResourcesBuildPhase section */

/* Begin PBXSourcesBuildPhase section */
		075411B71922AB0500A1823F /* Sources */ = {
			isa = PBXSourcesBuildPhase;
			buildActionMask = 2147483647;
			files = (
				075411FC1922D2D400A1823F /* SecondViewController.m in Sources */,
				075411F91922C37900A1823F /* RyanViewController.m in Sources */,
				075411FF1922D34B00A1823F /* ThirdViewController.m in Sources */,
				075411D51922AB0500A1823F /* ViewController.m in Sources */,
				075411CF1922AB0500A1823F /* AppDelegate.m in Sources */,
				075E1E891923BA3B00617FFD /* ThirdViewController2.m in Sources */,
				075E1E861923B95E00617FFD /* SecondViewController2.m in Sources */,
				075411CB1922AB0500A1823F /* main.m in Sources */,
			);
			runOnlyForDeploymentPostprocessing = 0;
		};
		075411D81922AB0500A1823F /* Sources */ = {
			isa = PBXSourcesBuildPhase;
			buildActionMask = 2147483647;
			files = (
				075411EA1922AB0500A1823F /* AdventureTests.m in Sources */,
			);
			runOnlyForDeploymentPostprocessing = 0;
		};
/* End PBXSourcesBuildPhase section */

/* Begin PBXTargetDependency section */
		075411E21922AB0500A1823F /* PBXTargetDependency */ = {
			isa = PBXTargetDependency;
			target = 075411BA1922AB0500A1823F /* Adventure */;
			targetProxy = 075411E11922AB0500A1823F /* PBXContainerItemProxy */;
		};
/* End PBXTargetDependency section */

/* Begin PBXVariantGroup section */
		075411C71922AB0500A1823F /* InfoPlist.strings */ = {
			isa = PBXVariantGroup;
			children = (
				075411C81922AB0500A1823F /* en */,
			);
			name = InfoPlist.strings;
			sourceTree = "<group>";
		};
		075411D01922AB0500A1823F /* Main.storyboard */ = {
			isa = PBXVariantGroup;
			children = (
				075411D11922AB0500A1823F /* Base */,
			);
			name = Main.storyboard;
			sourceTree = "<group>";
		};
		075411E61922AB0500A1823F /* InfoPlist.strings */ = {
			isa = PBXVariantGroup;
			children = (
				075411E71922AB0500A1823F /* en */,
			);
			name = InfoPlist.strings;
			sourceTree = "<group>";
		};
/* End PBXVariantGroup section */

/* Begin XCBuildConfiguration section */
		075411EB1922AB0500A1823F /* Debug */ = {
			isa = XCBuildConfiguration;
			buildSettings = {
				ALWAYS_SEARCH_USER_PATHS = NO;
				CLANG_CXX_LANGUAGE_STANDARD = "gnu++0x";
				CLANG_CXX_LIBRARY = "libc++";
				CLANG_ENABLE_MODULES = YES;
				CLANG_ENABLE_OBJC_ARC = YES;
				CLANG_WARN_BOOL_CONVERSION = YES;
				CLANG_WARN_CONSTANT_CONVERSION = YES;
				CLANG_WARN_DIRECT_OBJC_ISA_USAGE = YES_ERROR;
				CLANG_WARN_EMPTY_BODY = YES;
				CLANG_WARN_ENUM_CONVERSION = YES;
				CLANG_WARN_INT_CONVERSION = YES;
				CLANG_WARN_OBJC_ROOT_CLASS = YES_ERROR;
				CLANG_WARN__DUPLICATE_METHOD_MATCH = YES;
				"CODE_SIGN_IDENTITY[sdk=iphoneos*]" = "iPhone Developer";
				COPY_PHASE_STRIP = NO;
				GCC_C_LANGUAGE_STANDARD = gnu99;
				GCC_DYNAMIC_NO_PIC = NO;
				GCC_OPTIMIZATION_LEVEL = 0;
				GCC_PREPROCESSOR_DEFINITIONS = (
					"DEBUG=1",
					"$(inherited)",
				);
				GCC_SYMBOLS_PRIVATE_EXTERN = NO;
				GCC_WARN_64_TO_32_BIT_CONVERSION = YES;
				GCC_WARN_ABOUT_RETURN_TYPE = YES_ERROR;
				GCC_WARN_UNDECLARED_SELECTOR = YES;
				GCC_WARN_UNINITIALIZED_AUTOS = YES_AGGRESSIVE;
				GCC_WARN_UNUSED_FUNCTION = YES;
				GCC_WARN_UNUSED_VARIABLE = YES;
				IPHONEOS_DEPLOYMENT_TARGET = 7.1;
				ONLY_ACTIVE_ARCH = YES;
				SDKROOT = iphoneos;
			};
			name = Debug;
		};
		075411EC1922AB0500A1823F /* Release */ = {
			isa = XCBuildConfiguration;
			buildSettings = {
				ALWAYS_SEARCH_USER_PATHS = NO;
				CLANG_CXX_LANGUAGE_STANDARD = "gnu++0x";
				CLANG_CXX_LIBRARY = "libc++";
				CLANG_ENABLE_MODULES = YES;
				CLANG_ENABLE_OBJC_ARC = YES;
				CLANG_WARN_BOOL_CONVERSION = YES;
				CLANG_WARN_CONSTANT_CONVERSION = YES;
				CLANG_WARN_DIRECT_OBJC_ISA_USAGE = YES_ERROR;
				CLANG_WARN_EMPTY_BODY = YES;
				CLANG_WARN_ENUM_CONVERSION = YES;
				CLANG_WARN_INT_CONVERSION = YES;
				CLANG_WARN_OBJC_ROOT_CLASS = YES_ERROR;
				CLANG_WARN__DUPLICATE_METHOD_MATCH = YES;
				"CODE_SIGN_IDENTITY[sdk=iphoneos*]" = "iPhone Developer";
				COPY_PHASE_STRIP = YES;
				ENABLE_NS_ASSERTIONS = NO;
				GCC_C_LANGUAGE_STANDARD = gnu99;
				GCC_WARN_64_TO_32_BIT_CONVERSION = YES;
				GCC_WARN_ABOUT_RETURN_TYPE = YES_ERROR;
				GCC_WARN_UNDECLARED_SELECTOR = YES;
				GCC_WARN_UNINITIALIZED_AUTOS = YES_AGGRESSIVE;
				GCC_WARN_UNUSED_FUNCTION = YES;
				GCC_WARN_UNUSED_VARIABLE = YES;
				IPHONEOS_DEPLOYMENT_TARGET = 7.1;
				SDKROOT = iphoneos;
				VALIDATE_PRODUCT = YES;
			};
			name = Release;
		};
		075411EE1922AB0500A1823F /* Debug */ = {
			isa = XCBuildConfiguration;
			buildSettings = {
				ASSETCATALOG_COMPILER_APPICON_NAME = AppIcon;
				ASSETCATALOG_COMPILER_LAUNCHIMAGE_NAME = LaunchImage;
				FRAMEWORK_SEARCH_PATHS = (
					"$(inherited)",
					/Users/alison.knappik/Downloads,
				);
				GCC_PRECOMPILE_PREFIX_HEADER = YES;
				GCC_PREFIX_HEADER = "Adventure/Adventure-Prefix.pch";
				INFOPLIST_FILE = "Adventure/Adventure-Info.plist";
				PRODUCT_NAME = "$(TARGET_NAME)";
				WRAPPER_EXTENSION = app;
			};
			name = Debug;
		};
		075411EF1922AB0500A1823F /* Release */ = {
			isa = XCBuildConfiguration;
			buildSettings = {
				ASSETCATALOG_COMPILER_APPICON_NAME = AppIcon;
				ASSETCATALOG_COMPILER_LAUNCHIMAGE_NAME = LaunchImage;
				FRAMEWORK_SEARCH_PATHS = (
					"$(inherited)",
					/Users/alison.knappik/Downloads,
				);
				GCC_PRECOMPILE_PREFIX_HEADER = YES;
				GCC_PREFIX_HEADER = "Adventure/Adventure-Prefix.pch";
				INFOPLIST_FILE = "Adventure/Adventure-Info.plist";
				PRODUCT_NAME = "$(TARGET_NAME)";
				WRAPPER_EXTENSION = app;
			};
			name = Release;
		};
		075411F11922AB0500A1823F /* Debug */ = {
			isa = XCBuildConfiguration;
			buildSettings = {
				BUNDLE_LOADER = "$(BUILT_PRODUCTS_DIR)/Adventure.app/Adventure";
				FRAMEWORK_SEARCH_PATHS = (
					"$(SDKROOT)/Developer/Library/Frameworks",
					"$(inherited)",
					"$(DEVELOPER_FRAMEWORKS_DIR)",
				);
				GCC_PRECOMPILE_PREFIX_HEADER = YES;
				GCC_PREFIX_HEADER = "Adventure/Adventure-Prefix.pch";
				GCC_PREPROCESSOR_DEFINITIONS = (
					"DEBUG=1",
					"$(inherited)",
				);
				INFOPLIST_FILE = "AdventureTests/AdventureTests-Info.plist";
				PRODUCT_NAME = "$(TARGET_NAME)";
				TEST_HOST = "$(BUNDLE_LOADER)";
				WRAPPER_EXTENSION = xctest;
			};
			name = Debug;
		};
		075411F21922AB0500A1823F /* Release */ = {
			isa = XCBuildConfiguration;
			buildSettings = {
				BUNDLE_LOADER = "$(BUILT_PRODUCTS_DIR)/Adventure.app/Adventure";
				FRAMEWORK_SEARCH_PATHS = (
					"$(SDKROOT)/Developer/Library/Frameworks",
					"$(inherited)",
					"$(DEVELOPER_FRAMEWORKS_DIR)",
				);
				GCC_PRECOMPILE_PREFIX_HEADER = YES;
				GCC_PREFIX_HEADER = "Adventure/Adventure-Prefix.pch";
				INFOPLIST_FILE = "AdventureTests/AdventureTests-Info.plist";
				PRODUCT_NAME = "$(TARGET_NAME)";
				TEST_HOST = "$(BUNDLE_LOADER)";
				WRAPPER_EXTENSION = xctest;
			};
			name = Release;
		};
/* End XCBuildConfiguration section */

/* Begin XCConfigurationList section */
		075411B61922AB0500A1823F /* Build configuration list for PBXProject "Adventure" */ = {
			isa = XCConfigurationList;
			buildConfigurations = (
				075411EB1922AB0500A1823F /* Debug */,
				075411EC1922AB0500A1823F /* Release */,
			);
			defaultConfigurationIsVisible = 0;
			defaultConfigurationName = Release;
		};
		075411ED1922AB0500A1823F /* Build configuration list for PBXNativeTarget "Adventure" */ = {
			isa = XCConfigurationList;
			buildConfigurations = (
				075411EE1922AB0500A1823F /* Debug */,
				075411EF1922AB0500A1823F /* Release */,
			);
			defaultConfigurationIsVisible = 0;
			defaultConfigurationName = Release;
		};
		075411F01922AB0500A1823F /* Build configuration list for PBXNativeTarget "AdventureTests" */ = {
			isa = XCConfigurationList;
			buildConfigurations = (
				075411F11922AB0500A1823F /* Debug */,
				075411F21922AB0500A1823F /* Release */,
			);
			defaultConfigurationIsVisible = 0;
			defaultConfigurationName = Release;
		};
/* End XCConfigurationList section */
	};
	rootObject = 075411B31922AB0500A1823F /* Project object */;
}
